{
    "_meta": {
        "hash": {
            "sha256": "fc69194bede16a73719443f137692301c84346a94453f31fa9839adae297ff1e"
        },
        "pipfile-spec": 6,
        "requires": {
            "python_version": "3.10"
        },
        "sources": [
            {
                "name": "pypi",
                "url": "https://pypi.org/simple",
                "verify_ssl": true
            }
        ]
    },
    "default": {
        "cython": {
            "hashes": [
                "sha256:061e25151c38f2361bc790d3bcf7f9d9828a0b6a4d5afa56fbed3bd33fb2373a",
                "sha256:06be83490c906b6429b4389e13487a26254ccaad2eef6f3d4ee21d8d3a4aaa2b",
                "sha256:07d173d3289415bb496e72cb0ddd609961be08fe2968c39094d5712ffb78672b",
                "sha256:0bbc27abdf6aebfa1bce34cd92bd403070356f28b0ecb3198ff8a182791d58b9",
                "sha256:0ea8267fc373a2c5064ad77d8ff7bf0ea8b88f7407098ff51829381f8ec1d5d9",
                "sha256:3875c2b2ea752816a4d7ae59d45bb546e7c4c79093c83e3ba7f4d9051dd02928",
                "sha256:39afb4679b8c6bf7ccb15b24025568f4f9b4d7f9bf3cbd981021f542acecd75b",
                "sha256:3f85eb2343d20d91a4ea9cf14e5748092b376a64b7e07fc224e85b2753e9070b",
                "sha256:40eff7aa26e91cf108fd740ffd4daf49f39b2fdffadabc7292b4b7dc5df879f0",
                "sha256:479690d2892ca56d34812fe6ab8f58e4b2e0129140f3d94518f15993c40553da",
                "sha256:4a4b03ab483271f69221c3210f7cde0dcc456749ecf8243b95bc7a701e5677e0",
                "sha256:513e9707407608ac0d306c8b09d55a28be23ea4152cbd356ceaec0f32ef08d65",
                "sha256:5514f3b4122cb22317122a48e175a7194e18e1803ca555c4c959d7dfe68eaf98",
                "sha256:5ba622326f2862f9c1f99ca8d47ade49871241920a352c917e16861e25b0e5c3",
                "sha256:63b79d9e1f7c4d1f498ab1322156a0d7dc1b6004bf981a8abda3f66800e140cd",
                "sha256:656dc5ff1d269de4d11ee8542f2ffd15ab466c447c1f10e5b8aba6f561967276",
                "sha256:67fdd2f652f8d4840042e2d2d91e15636ba2bcdcd92e7e5ffbc68e6ef633a754",
                "sha256:79e3bab19cf1b021b613567c22eb18b76c0c547b9bc3903881a07bfd9e7e64cf",
                "sha256:856d2fec682b3f31583719cb6925c6cdbb9aa30f03122bcc45c65c8b6f515754",
                "sha256:8669cadeb26d9a58a5e6b8ce34d2c8986cc3b5c0bfa77eda6ceb471596cb2ec3",
                "sha256:8733cf4758b79304f2a4e39ebfac5e92341bce47bcceb26c1254398b2f8c1af7",
                "sha256:97335b2cd4acebf30d14e2855d882de83ad838491a09be2011745579ac975833",
                "sha256:afbce249133a830f121b917f8c9404a44f2950e0e4f5d1e68f043da4c2e9f457",
                "sha256:b0595aee62809ba353cebc5c7978e0e443760c3e882e2c7672c73ffe46383673",
                "sha256:b6da3063c5c476f5311fd76854abae6c315f1513ef7d7904deed2e774623bbb9",
                "sha256:c8e8025f496b5acb6ba95da2fb3e9dacffc97d9a92711aacfdd42f9c5927e094",
                "sha256:cddc47ec746a08603037731f5d10aebf770ced08666100bd2cdcaf06a85d4d1b",
                "sha256:cdf10af3e2e3279dc09fdc5f95deaa624850a53913f30350ceee824dc14fc1a6",
                "sha256:d968ffc403d92addf20b68924d95428d523436adfd25cf505d427ed7ba3bee8b",
                "sha256:dbee03b8d42dca924e6aa057b836a064c769ddfd2a4c2919e65da2c8a362d528",
                "sha256:e1958e0227a4a6a2c06fd6e35b7469de50adf174102454db397cec6e1403cce3",
                "sha256:e6ffa08aa1c111a1ebcbd1cf4afaaec120bc0bbdec3f2545f8bb7d3e8e77a1cd",
                "sha256:e83228e0994497900af954adcac27f64c9a57cd70a9ec768ab0cb2c01fd15cf1",
                "sha256:ea1dcc07bfb37367b639415333cfbfe4a93c3be340edf1db10964bc27d42ed64",
                "sha256:eca3065a1279456e81c615211d025ea11bfe4e19f0c5650b859868ca04b3fcbd",
                "sha256:ed087eeb88a8cf96c60fb76c5c3b5fb87188adee5e179f89ec9ad9a43c0c54b3",
                "sha256:eeb475eb6f0ccf6c039035eb4f0f928eb53ead88777e0a760eccb140ad90930b",
                "sha256:eefd2b9a5f38ded8d859fe96cc28d7d06e098dc3f677e7adbafda4dcdd4a461c",
                "sha256:f3fd44cc362eee8ae569025f070d56208908916794b6ab21e139cea56470a2b3",
                "sha256:f9944013588a3543fca795fffb0a070a31a243aa4f2d212f118aa95e69485831"
            ],
            "markers": "sys_platform == 'darwin'",
            "version": "==0.29.32"
        },
        "hidapi": {
            "hashes": [
                "sha256:00bad74617622b7b7abbb24eae5c11bd91957bb87217d62d8feea15c971a77b5",
                "sha256:0292a29325b905fbfbb39cc368055cda63339fed684eceb7d4d241acc5e60d50",
                "sha256:0363a9947545b200cf401011049139e266aa1faa6849d4bd6bac32bd294ef5fa",
                "sha256:0db60ba3e9356b7eab9097be49a5dff82cad25881d0ff77a47efd5b9100e8d36",
                "sha256:1068d46bd70593c388eb17360ba48bcc4a06dc0cc4e8f55713db65d2dea62d6e",
                "sha256:1b001e2561a9581dd5b0c0610c8cb5acf875e454ba7ca93f0d15384ce5830684",
                "sha256:26e3dbd652913b36737a7dba9d7bdc336e95224ceaeeafcf003472ab242abc7c",
                "sha256:2ae4bd1716cb341bf176bf97adbbb709891f76fadf1da58eb0c529fcb1dc86fd",
                "sha256:3b3216316faa70652bebaa38476b973a4e5bdfe1f5947e25dfb9d272eeaee0e7",
                "sha256:3f3e22e054fa975cbbbd6ef67ed9a1ade7b9db325fd7d3d27d199103997a0852",
                "sha256:4050e62e1142eb68a9b3a9f87b9cbc97cb8595c9c1c1e9226ea9018fd4a9a410",
                "sha256:45b3fa6db05c7f5e8e423f354517e11648934217d23f1ba917618c4175dbb924",
                "sha256:50e13ed715513f6c834c4577b63ab695ab5ca753bd6cabdd06e228699cf9442e",
                "sha256:59d3cc1d446f91236a984e8784a1644de9892647d09e387a4be7c47dd2441d1e",
                "sha256:5fa7b0857c7fd166162ada07c95c106ae6bb47550f2556e268caae8347e26219",
                "sha256:6feea19a7f110c333124eef590d13eae6d11c26b20d7cfdca32b746b522e2857",
                "sha256:79ad3c78078df8eddad643e1f82c8afe247643a4074894f111b84691f7d5dd6b",
                "sha256:8050851c2f821d8f1497d4179db3980807c4d12ef7983482793067105cf21baa",
                "sha256:852236e25286b5314bf801ef17eba21d3a8ccb175db99d3e362638ddf66729a1",
                "sha256:869fe5cc9113b8808785fefb0f219bc892ae70c822141e60a4ee0aeb967c69ec",
                "sha256:88aa70fef0e858e5f65958d5fdf561f4f90c7d03424a46fe7d0770adf97d5aa0",
                "sha256:8ebb2117be8b27af5c780936030148e1971b6b7fda06e0581ff0bfb15e94ed76",
                "sha256:907b9f00ab6e24d2b71e1d7d8b5eb753f711154d141a3d8a5789b3529cb5dcf1",
                "sha256:9eb1e0a95deabf6ba61c5826f4ad1a0534a8d99e8ff4ce5f0ac391c84cd9c608",
                "sha256:a08ecd8480cdfefb83049a5404a39ababe2de75868dc7c0808f9a07b96a33a17",
                "sha256:ac2775dde0db5ed61aaa6047410137c9fa3ba1d78065482fe4163a6d702677a8",
                "sha256:aea9c0c620f72b26ce0588e63af0e1b740ab04781ac7b631922ebdbfa93a6cb0",
                "sha256:bb3819bf3b335af0ae9f99010475186c25cccc65c35fec160d7281a4b91ecf3d",
                "sha256:bff634b6283b518f066dbc328bedeb0c60c16d30d297d94b6ef170d869be9452",
                "sha256:c066819634434d7f2cdb884db0f6681231049644f7b82378986a7c2fe7310da3",
                "sha256:c353e08bee985a56bfd21eb07b26d1774dc3d088644599e584823400da174790",
                "sha256:c6e4f6ea56f08532d448b73e1a2ca0705cf28ac34eb06a50b74d7a485e639507",
                "sha256:c82fdc5fcdb5601c99c811002649ce902cdd8f323cd2bca97238be7507c1c9b0",
                "sha256:cf9b605165e4d8a3ed66eedd82091f77bb9a283f28d1998672eb079587a28711",
                "sha256:d3de94ea727242966b4e545e91eebace0ec2b6600d4f8871568053bd5b9d0240",
                "sha256:ddc85cd7372f7156af4f71e6a684be2430d9ca4d27bfaf5804811fd8b1b83524",
                "sha256:defa19649b0cd2fc76e80b738fd917614e11b9b5d8107f289dbe3e3c9db518bd",
                "sha256:e04dd30f599d589883ae37f5663aeaf5301237379f307951b6171ec5bf7540ea",
                "sha256:e471e672175a38aa7892f7ddd79bac24af7ac701a550425043ffdb96c3846c03",
                "sha256:e8621ca0c49621a0a7ba9e27696e9e5630b90344b2d7dff50695679587ee9c53",
                "sha256:edc9bd6506723e019e606fbf2400a2819e68370ddbacf432048332ef687522a4"
            ],
            "index": "pypi",
            "version": "==0.12.0.post2"
        },
        "inputs": {
            "hashes": [
                "sha256:13f894564e52134cf1e3862b1811da034875eb1f2b62e6021e3776e9669a96ec",
                "sha256:a31d5b96a3525f1232f326be9e7ce8ccaf873c6b1fb84d9f3c9bc3d79b23eae4"
            ],
            "index": "pypi",
            "version": "==0.5"
        },
        "panda3d": {
            "hashes": [
                "sha256:017c2a9d40c024de3d68359926dfbb0fef51e219bd2bc6d021464051bba9c80e",
                "sha256:017fdcb16c1a786f12b45a39bd33666423689a94060d1fc6135539d826146eb3",
                "sha256:029d7c698114da30d0d5ecd57e0c92423d319848e4197e6a86ac54b9ae43c424",
                "sha256:05be45eeddc81fb4879b0e6b206422b810e2de0f6639ab04522f660270eb202a",
                "sha256:08f7729e3b13d7417a07b14a3532ee93e4c50293de45392d9783038dcc24cfd4",
                "sha256:094ccf20cdfb2a2f44cde56a1ab9a1287a09cfd33dd4fe094cb255aaacfb678f",
                "sha256:1711c7edc7620a8ca2f4fee2e6e448522726678cc5318d59de00d0d1e3f35ea6",
                "sha256:190bd5c58184cae94cf158900106215f20d579f84a1b7ce1474bfbcb797b4a0b",
                "sha256:1c35d8676caa1a2c11f91592a6abd8cf18c3ac9496437082e79b4b0671603857",
                "sha256:1dea56806643077e863abd8735e7056019ffd2b935990670607b44f996ef8456",
                "sha256:1e18194c78b9b519da885620ddcc7f6709e139645f665f08309b7eff58a5a0ee",
                "sha256:2027d6d8ac86db0989fbcbafa9f4f1e1a4de79a94f087325e43ccf9e65da12a9",
                "sha256:23806bb1b289ad31f1ec1c206ddbdddd484ecdf8fdb09a4f89bc1c61af6b19ba",
                "sha256:2683fc8ad1e98a98ae692dbd82896c3f055743351e7a61a8ecd22557ddef643e",
                "sha256:2ae1bd477a8882c80bdb6d63d6738ae2c4c335f0d88af592a051a9705434c75d",
                "sha256:2d5d3e2160d8fa667ef548171695be84e7de25f51817ae31c61cf2e869a2f6c6",
                "sha256:3298dcbfc8a9e87565d35129e3942ba0d076c6c7a504b32f656ccea39b876eb4",
                "sha256:35bb1a847a9012e218b1fa768632e4e52644e87ac8daf08fbd4c49feff0672b4",
                "sha256:36c55f8aeb1b4eb305c3f76e0704678bdad80e37d46db71d3f723cbe4aa1eecf",
                "sha256:372ac3770ada07f1c92848f36f13359c2c00f3eefa525b0b3cad4804ec64c6ca",
                "sha256:39652709ae0b8167aaf253edacc78898109cce96e872d9e7be33257dd5f98485",
                "sha256:3a4df33d18fad4bfbc70907e6f7d6ef27f20ef4d0f3dfb3c17d7e4d46abd78f5",
                "sha256:4927f23e8c1469e6a17c3f05a81ac0c6fa7c23b2d39bffee5277ecabfb2da10f",
                "sha256:496147561f15a738a9a212a69ce3dda340ff1d8ae8bfd0501507945a94153bd8",
                "sha256:4c9da46324813e23b1108c0c3906460aa73a052c2934643a0e4a406a1a93dc03",
                "sha256:4da16ba0a2c9615c9d68afdee47681454ece21bf252039078b4662dca856b8f0",
                "sha256:4e46ad41febad38f57e4948912f9642838f5bff196c7c336194904e13165172d",
                "sha256:50427b08d6dcbe91e95c719b3eb32abe5e806fe265a2cfa66f5b704d22776409",
                "sha256:508df5128cb63163eeee8f3cb6cb2984aefe473ee7e8e328f25a8bf205d54de2",
                "sha256:526a1db71fcf1a2b4eaafb36642c710eb5d2425c9ec96d1afb7fadde4b1af619",
                "sha256:52f4b9014235ef5abbd6b5714389dc887ad45828316c42c83af53937179360d8",
                "sha256:55efa8ae9a04260358257e94f29c506e338af0197c5b75dae29b0112dfdd67ac",
                "sha256:597332377b09cb97a1699fed2514c99bcc4241924ce7c21e7577685164576afc",
                "sha256:5f75c18323ba3d36236e4756a98cba68268b0dd4ac6e4b889d87904a65b4fbbc",
                "sha256:6013bf0049bb6b30b0ff17ca5dc6bde621b553f0d1815481ced186ba710aa3b6",
                "sha256:68e9e215c4192ca14ab1304be79f86657f43d6d663b3dbe3af209caf8eb9793c",
                "sha256:697555595a01c3f5468d49a1ee1f05f57df31e63a251a9ba47a8f534faf0ba15",
                "sha256:730e5c6b8fb20448478ac1af117cc4aadd8e9dfa2558b5f9e89a69f83ce5f284",
                "sha256:73905d348b486675706ac53e454b34138a3ab12faa1058720b6bf40110973be1",
                "sha256:7d8a28b10167990d55ac696275b08b21b06fb35e7f5f64d482c9b76410373e96",
                "sha256:8028fd67c0fc524eae3b7dbfba0b433e3d811e386ba51adbccf1f95a79ef32cb",
                "sha256:809881853087d36211f380245499778a4838f2f1748a4f8d90546debed294f8b",
                "sha256:8099b2bc211a98ff1d26a91c26d126d538896a59ad29d4de50dea19ccaf31b1b",
                "sha256:839d8b2724a149d56a31f621c6397a1fed597a7dacee478922c711426160990e",
                "sha256:83c39308ee95951616dd5ab1e2ee730853fca9b4331a7c9ea9d92c9af3321aa9",
                "sha256:870da8fb7654f60d04ff5a85c75e80f89f14406c7f8812f4916f5781d1caeb25",
                "sha256:8cd5e47e18f56dd6dab7ed1acb21c07f356b7220db72b820f02363050ee3bdfd",
                "sha256:8eda3bd2402d75fb52962051c157f9495742f1f85c49c38b9bc47091fc0639b0",
                "sha256:94d59874924de7b6765d427ea833ffea38fbb1b72a35679f81ef76c34ddf584d",
                "sha256:a00823d1ae2490dba0643109f10e7347b15e6c2554de0b1bed0a085950fa6ed0",
                "sha256:a1cae74294394aa4afe93414c799798be77777e5bba77a45368bb1973ca65d2e",
                "sha256:acbcdf204ff75abe75b66af5c025b2f42e7777c2acb6cb17375cf7c66751a062",
                "sha256:b112c8d0ecdc85b14a93f6bae57dbb31043a3bbf1cd3ce3905b143e76ffbfc84",
                "sha256:b2d9870c044e8ac0f6a65e96b6814d122a560adfe045b6ad500bc107aa361726",
                "sha256:b4419faa2ca1747fccca8e76ca37700c1e011a38a8bad5be104fc703d1216bc3",
                "sha256:b78acc42a2ee7006dd9618d52ea2657e03d6e39fe4d8c9b4c48342a1d866bbfd",
                "sha256:bc41bd97e3a2dd04d0f664ae0ea1a7677ce7c6a718ab4d3b3ff79ef06f0a22c9",
                "sha256:c0785bfa3ad3e87f837433737679dce5e0d1a33accbfcb0dcb0393ce3a7a68f2",
                "sha256:c1c77315e2a998f9173fe86d3af63b0affc1e7399a03226881d39ff758cc6b2d",
                "sha256:ccfa288a3575c2996ad7f409f14e8ceb8541a9b1b39bb0162e30f73b1fa0884b",
                "sha256:d4cbd179bf442fab572bd9a486f866147ce38579e78dd5c01e1f59887bea64b8",
                "sha256:d8a7beb7b88f1fc4ec0061be28018f6da1511783eb6a9911442d2a3435e50f7d",
                "sha256:d8c9668f257da744f301bf83ff44b2cdc8bd635e732fadf2f9b09200655cd3e4",
                "sha256:db8cc33163112722cdf313d06939ff30b260c7a5e2a404b38bddc7558e6e8a26",
                "sha256:dbfccaf3ff52b4e5de66d33bf06aa489af43cb139367b77fa6bc79ac774d23dc",
                "sha256:dc7cd2ee0bd8ca9f7e957b2672f2d8ee1132cd6ddc2f8287d9579efa682b8b01",
                "sha256:df904a0ca374fd7667727a3d3743c386e913e6e80b8efe67fe0fcd01f904e4c3",
                "sha256:e208d1ac385acb48e24f557badfdb6244b0122bc25511c512b893c55ccb1bed3",
                "sha256:e384ed11490d479095cbad2f27ad61f536ca75aeb702557ce83b67381d4448bd",
                "sha256:e4a7549e3583cd009a1a3ce33f84ed68f9ffd5b3f34f67606af6e8d6dafa32d5",
                "sha256:ece8eb268a0be1fa45b6ef1e6cfa1ae89f25ee926e866893baf8bf391708c02d",
                "sha256:f6f016870c22ba0a250958fb09c49843eb17d5620dd1bfa86f38dfd200af9401",
                "sha256:f7423bf86d3369f5f7578ec70199f6674ba9f81f80f3eea83d0b27ec7d2522fc",
                "sha256:fd64c7995fc9d3f07100d4fe225498106cf3851f77bd54be3131193965768041",
                "sha256:fd901d3a822824a9b288392ba6ade77143c8024e208d3ce73a554e364f03cadb",
                "sha256:fdd564b7f154a78310d6d08920a9a6f405d9e7e9f74fd4b53c9eb73a007d2dea"
            ],
            "version": "==1.10.13"
        },
        "panda3d-gltf": {
            "hashes": [
                "sha256:02d1a980f447bb1895ff4b48c667f289ba78f07a28ef308d8839b665a621efe2",
                "sha256:d06d373bdd91cf530909b669f43080e599463bbf6d3ef00c3558bad6c6b19675"
            ],
            "markers": "python_version >= '3.6'",
            "version": "==0.13"
        },
        "panda3d-simplepbr": {
            "hashes": [
                "sha256:b6bd902671b02c8794eb60d8039f256a4115faef067c1368cc70147f8ed83a31",
                "sha256:c526a0fa5b2af8a2f16ee2837dcedbf5987ca917ee95699830675204bf765fb4"
            ],
            "markers": "python_version >= '3.6'",
            "version": "==0.10"
        },
        "pillow": {
            "hashes": [
                "sha256:03150abd92771742d4a8cd6f2fa6246d847dcd2e332a18d0c15cc75bf6703040",
                "sha256:073adb2ae23431d3b9bcbcff3fe698b62ed47211d0716b067385538a1b0f28b8",
                "sha256:0b07fffc13f474264c336298d1b4ce01d9c5a011415b79d4ee5527bb69ae6f65",
                "sha256:0b7257127d646ff8676ec8a15520013a698d1fdc48bc2a79ba4e53df792526f2",
                "sha256:12ce4932caf2ddf3e41d17fc9c02d67126935a44b86df6a206cf0d7161548627",
                "sha256:15c42fb9dea42465dfd902fb0ecf584b8848ceb28b41ee2b58f866411be33f07",
                "sha256:18498994b29e1cf86d505edcb7edbe814d133d2232d256db8c7a8ceb34d18cef",
                "sha256:1c7c8ae3864846fc95f4611c78129301e203aaa2af813b703c55d10cc1628535",
                "sha256:22b012ea2d065fd163ca096f4e37e47cd8b59cf4b0fd47bfca6abb93df70b34c",
                "sha256:276a5ca930c913f714e372b2591a22c4bd3b81a418c0f6635ba832daec1cbcfc",
                "sha256:2e0918e03aa0c72ea56edbb00d4d664294815aa11291a11504a377ea018330d3",
                "sha256:3033fbe1feb1b59394615a1cafaee85e49d01b51d54de0cbf6aa8e64182518a1",
                "sha256:3168434d303babf495d4ba58fc22d6604f6e2afb97adc6a423e917dab828939c",
                "sha256:32a44128c4bdca7f31de5be641187367fe2a450ad83b833ef78910397db491aa",
                "sha256:3dd6caf940756101205dffc5367babf288a30043d35f80936f9bfb37f8355b32",
                "sha256:40e1ce476a7804b0fb74bcfa80b0a2206ea6a882938eaba917f7a0f004b42502",
                "sha256:41e0051336807468be450d52b8edd12ac60bebaa97fe10c8b660f116e50b30e4",
                "sha256:4390e9ce199fc1951fcfa65795f239a8a4944117b5935a9317fb320e7767b40f",
                "sha256:502526a2cbfa431d9fc2a079bdd9061a2397b842bb6bc4239bb176da00993812",
                "sha256:51e0e543a33ed92db9f5ef69a0356e0b1a7a6b6a71b80df99f1d181ae5875636",
                "sha256:57751894f6618fd4308ed8e0c36c333e2f5469744c34729a27532b3db106ee20",
                "sha256:5d77adcd56a42d00cc1be30843d3426aa4e660cab4a61021dc84467123f7a00c",
                "sha256:655a83b0058ba47c7c52e4e2df5ecf484c1b0b0349805896dd350cbc416bdd91",
                "sha256:68943d632f1f9e3dce98908e873b3a090f6cba1cbb1b892a9e8d97c938871fbe",
                "sha256:6c738585d7a9961d8c2821a1eb3dcb978d14e238be3d70f0a706f7fa9316946b",
                "sha256:73bd195e43f3fadecfc50c682f5055ec32ee2c933243cafbfdec69ab1aa87cad",
                "sha256:772a91fc0e03eaf922c63badeca75e91baa80fe2f5f87bdaed4280662aad25c9",
                "sha256:77ec3e7be99629898c9a6d24a09de089fa5356ee408cdffffe62d67bb75fdd72",
                "sha256:7db8b751ad307d7cf238f02101e8e36a128a6cb199326e867d1398067381bff4",
                "sha256:801ec82e4188e935c7f5e22e006d01611d6b41661bba9fe45b60e7ac1a8f84de",
                "sha256:82409ffe29d70fd733ff3c1025a602abb3e67405d41b9403b00b01debc4c9a29",
                "sha256:828989c45c245518065a110434246c44a56a8b2b2f6347d1409c787e6e4651ee",
                "sha256:829f97c8e258593b9daa80638aee3789b7df9da5cf1336035016d76f03b8860c",
                "sha256:871b72c3643e516db4ecf20efe735deb27fe30ca17800e661d769faab45a18d7",
                "sha256:89dca0ce00a2b49024df6325925555d406b14aa3efc2f752dbb5940c52c56b11",
                "sha256:90fb88843d3902fe7c9586d439d1e8c05258f41da473952aa8b328d8b907498c",
                "sha256:97aabc5c50312afa5e0a2b07c17d4ac5e865b250986f8afe2b02d772567a380c",
                "sha256:9aaa107275d8527e9d6e7670b64aabaaa36e5b6bd71a1015ddd21da0d4e06448",
                "sha256:9f47eabcd2ded7698106b05c2c338672d16a6f2a485e74481f524e2a23c2794b",
                "sha256:a0a06a052c5f37b4ed81c613a455a81f9a3a69429b4fd7bb913c3fa98abefc20",
                "sha256:ab388aaa3f6ce52ac1cb8e122c4bd46657c15905904b3120a6248b5b8b0bc228",
                "sha256:ad58d27a5b0262c0c19b47d54c5802db9b34d38bbf886665b626aff83c74bacd",
                "sha256:ae5331c23ce118c53b172fa64a4c037eb83c9165aba3a7ba9ddd3ec9fa64a699",
                "sha256:af0372acb5d3598f36ec0914deed2a63f6bcdb7b606da04dc19a88d31bf0c05b",
                "sha256:afa4107d1b306cdf8953edde0534562607fe8811b6c4d9a486298ad31de733b2",
                "sha256:b03ae6f1a1878233ac620c98f3459f79fd77c7e3c2b20d460284e1fb370557d4",
                "sha256:b0915e734b33a474d76c28e07292f196cdf2a590a0d25bcc06e64e545f2d146c",
                "sha256:b4012d06c846dc2b80651b120e2cdd787b013deb39c09f407727ba90015c684f",
                "sha256:b472b5ea442148d1c3e2209f20f1e0bb0eb556538690fa70b5e1f79fa0ba8dc2",
                "sha256:b59430236b8e58840a0dfb4099a0e8717ffb779c952426a69ae435ca1f57210c",
                "sha256:b90f7616ea170e92820775ed47e136208e04c967271c9ef615b6fbd08d9af0e3",
                "sha256:b9a65733d103311331875c1dca05cb4606997fd33d6acfed695b1232ba1df193",
                "sha256:bac18ab8d2d1e6b4ce25e3424f709aceef668347db8637c2296bcf41acb7cf48",
                "sha256:bca31dd6014cb8b0b2db1e46081b0ca7d936f856da3b39744aef499db5d84d02",
                "sha256:be55f8457cd1eac957af0c3f5ece7bc3f033f89b114ef30f710882717670b2a8",
                "sha256:c7025dce65566eb6e89f56c9509d4f628fddcedb131d9465cacd3d8bac337e7e",
                "sha256:c935a22a557a560108d780f9a0fc426dd7459940dc54faa49d83249c8d3e760f",
                "sha256:dbb8e7f2abee51cef77673be97760abff1674ed32847ce04b4af90f610144c7b",
                "sha256:e6ea6b856a74d560d9326c0f5895ef8050126acfdc7ca08ad703eb0081e82b74",
                "sha256:ebf2029c1f464c59b8bdbe5143c79fa2045a581ac53679733d3a91d400ff9efb",
                "sha256:f1ff2ee69f10f13a9596480335f406dd1f70c3650349e2be67ca3139280cade0"
            ],
            "markers": "python_version >= '3.7'",
            "version": "==9.3.0"
        },
        "pygame": {
            "hashes": [
                "sha256:0427c103f741234336e5606d2fad86f5403c1a3d1dc55c309fbff3c984f0c9ae",
                "sha256:07ca9f683075aea9bd977af9f09a720ebf747343d3ea8103e4f1735283b02330",
                "sha256:0e06ae8e1c830f1b9c36a2bc6bb11de840232e95b78e2c349c6ed803a303be19",
                "sha256:0e97d38308c441942577fea7fcd1326308bc56d6be6c024218e94d075d322e0f",
                "sha256:119dee20c372c85dc47b717119534d15a60c64ceab8b0eb09278866d10486afe",
                "sha256:1219a963941bd53aa754e8449364c142004fe706c33a9c22ff2a76521a82d078",
                "sha256:1fddec8829e96424800c806582d73a5173b7d48946cccf7d035839ca09850db8",
                "sha256:20676da24e3e3e6b9fc4eecc7ba09d77ef46c3a83a028763ba1d222476c2e3fb",
                "sha256:2405414d8c572668e04739875661e030a0c588e197fa95463fe301c3d0a0510b",
                "sha256:24254c4244f0d9bdc904f5d3f38e86757ca4c6aa0e44a6d55ef5e016bc7274d6",
                "sha256:24b4f7f30fa2b3d092b60be6fcc725fb91d569fc87a9bcc91614ee8b0c005726",
                "sha256:3bb0674aa789848ddc264bfc60c54965bf3bb659c141de4f600e379acc9b944c",
                "sha256:3c8d6637ff75351e581327efefa9d04eeb0f257b533392b6cc6b15ceca4f7c5e",
                "sha256:40e4d8d65985bb467d9c5a1305fb53fd6820c61d764979600becab973339676f",
                "sha256:4aa3ae32320cc704d63e185864e44f6265c2a6e52c9384afe152cc3d51b3a2ef",
                "sha256:50d9a21edd551669862c27c9272747401b20b1939abaacb842c08ea1cdd1c04d",
                "sha256:5c7600bf307de1ca1dca0cc7840e34604d5b0b0a5a5dad345c3fa62b054b886d",
                "sha256:5d0c14152d0ca8ef5fbcc5ed9981462bdf59a9ae85a291e62d8a8d0b7e5cbe43",
                "sha256:5e88b0d4338b94960686f59396f23f7f684fed4859fcc3b9f40286d72c1c61af",
                "sha256:5ebbefb8b576572c8fc97a3321d37dc2b4afea6b6e3877a67f7158d8c2c4cefe",
                "sha256:636f51f56615d67459b11918206bb4da30cd7d7042027bf997c218ccd6c77902",
                "sha256:660c80c0b2e80f1f801715583b759fb4c7bc0c11eb3b534e89c9fc4bfbc38acd",
                "sha256:6ecda8dd4583982bb65f9c682f244a5e94524dcf628379766227e9ed97201a49",
                "sha256:754c2906f2ef47173a14493e1de116b2a56a2c8e1764f1202ba844d080248a5b",
                "sha256:7889dce887ec83c9a0bef8d9eb3669d8863fdaf37c45bacec707d8ad90b24a38",
                "sha256:7fdb93b4282962c9a2ebf1af994ee698be823dd913218ed97a5f2fb372b10b66",
                "sha256:8e87716114e97322fb177e223d889a4be369a0f73212f4f8507fe0cd43253b23",
                "sha256:93c4cbfc942dd00410eaa9e84252129f9f9993f37f683006d7b49ab245342254",
                "sha256:9649419254d3282dae41f23837de4108b17bc62187c3acd8af2ae3801b765cbd",
                "sha256:97a74ba186deee68318a52637012ef6abf5be6282c659e1d1ba6ad08cf35ec85",
                "sha256:9d6452419e01a0f848aed0597f69fd10a4c2a7750c15d1b0607f86090a39dcf3",
                "sha256:9d7b021b8dde5d528363e474bc18bd6f79a9666eef89fb4859bcb8f0a536c9de",
                "sha256:a0ccf8e3dce7ca67d523a6020b7e3dbf4b26797a9a8db5cc4c7b5ef20fb64701",
                "sha256:a56a811d8821f7b9a594e3d0e0dd8bd39b25e3eea8963d5963263b90fd2ea5c2",
                "sha256:c5ea87da5fe4b6164c3854f3b0c9146811dbad0dd7fa74297683dfacc485ae1c",
                "sha256:c99b95e62cdda29c2e60235d7763447c168a6a877403e6f9ca5b2e2bb297c2ce",
                "sha256:c9ce7f3d8af14d7e04eb7eb41c5e5313c43508c252bb2b9eb53e51fc87ada9fd",
                "sha256:ca5ef1315fa67c241a657ab077be44f230c05740c95f0b46409457dceefdc7e5",
                "sha256:d2d3c50ee9847b743db6cd7b1bb17a94c2c2abc16679d70f5e745cabdf19e655",
                "sha256:d6d0eca28f886f0477cd0721ac688189155a587f2bb8eae740e52ca56c3ad23c",
                "sha256:dad6bf3fdd3752d7519422f3732be779b98fe7c87d32c3efe2fdffdcbeebb6ca",
                "sha256:db2f40d5a75fd9cdda473c58b0d8b294da6e0179f00bb3b1fc2f7f29cac09bea",
                "sha256:dc4444d61d48c5546df5137cdf81554887ddb6e2ef1be7f51eb77ea3b6bdd56f",
                "sha256:dcc285ee1f1d0e2672cc52f880fd3f564b1505de710e817f692fbf64a72ca657",
                "sha256:dd528dbb91eca16f7522c975d0f9e94b95f6b5024c82c3247dc0383d242d33c6",
                "sha256:e09044e9e1aa8512d6a9c7ce5f94b881824bcfc401105f3c24f546dfc3bb4aa5",
                "sha256:e18c9466131378421d00fc40b637425229238d506a073d9c537b230b355a25d6",
                "sha256:e1bb25986db77a48f632469c6bc61baf7508ce945aa6161c02180d4ee5ac5b8d",
                "sha256:e4b4cd440d50a9f8551b8989e856aab175593af07eb825cad22fd2f8f6f2ffce",
                "sha256:e627300a66a90651fb39e41601d447b1fdbbfffca3f08ef0278d6cc0436b2160",
                "sha256:e7a8e18677e0064b7a422f6653a622652d932826a27e50f279d55a8b122a1a83",
                "sha256:e8632f6b2ddb90f6f3950744bd65d5ef15af615e3034057fa30ff836f48a7179",
                "sha256:ea36f4f93524554a35cac2359df63b50af6556ed866830aa1f07f0d8580280ea",
                "sha256:f149e182d0eeef15d8a9b4c9dad1b87dc6eba3a99bd3c44a777a3a2b053a3dca",
                "sha256:fc2e5db54491e8f27785fc5204c96f540d3557dcf5b0a9a857b6594d6b32561b",
                "sha256:fc30e834f65b893d1b4c230070183bf98e6b70c41c1511687e8436a33d5ce49d",
                "sha256:fcc9586e17875c0cdf8764597955f9daa979098fd4f80be07ed68276ac225480",
                "sha256:ff961c3280d6ee5f4163f4772f963d7a4dbe42e36c6dd54b79ad436c1f046e5d"
            ],
            "index": "pypi",
            "version": "==2.1.2"
        },
        "pyobjc-core": {
            "hashes": [
                "sha256:25be1c4d530e473ed98b15063b8d6844f0733c98914de6f09fe1f7652b772bbc",
                "sha256:39d11d71f6161ac0bd93cffc8ea210bb0178b56d16a7408bf74283d6ecfa7430",
                "sha256:5ce1510bb0bdff527c597079a42b2e13a19b7592e76850be7960a2775b59c929",
                "sha256:67d67ca8b164f38ceacce28a18025845c3ec69613f3301935d4d2c4ceb22e3fd",
                "sha256:b614406d46175b1438a9596b664bf61952323116704d19bc1dea68052a0aad98",
                "sha256:bd397e729f6271c694fb70df8f5d3d3c9b2f2b8ac02fbbdd1757ca96027b94bb",
                "sha256:d919934eaa6d1cf1505ff447a5c2312be4c5651efcb694eb9f59e86f5bd25e6b"
            ],
            "markers": "python_version >= '3.7'",
            "version": "==9.0.1"
        },
        "pyobjc-framework-cocoa": {
            "hashes": [
                "sha256:0b374c0a9d32ba4fc5610ab2741cb05a005f1dfb82a47dbf2dbb2b3a34b73ce5",
                "sha256:2a41053cbcee30e1e8914efa749c50b70bf782527d5938f2bc2a6393740969ce",
                "sha256:5f94b0f92a62b781e633e58f09bcaded63d612f9b1e15202f5f372ea59e4aebd",
                "sha256:8928080cebbce91ac139e460d3dfc94c7cb6935be032dcae9c0a51b247f9c2d9",
                "sha256:9d2bd86a0a98d906f762f5dc59f2fc67cce32ae9633b02ff59ac8c8a33dd862d",
                "sha256:a8b53b3426f94307a58e2f8214dc1094c19afa9dcb96f21be12f937d968b2df3",
                "sha256:f062c3bb5cc89902e6d164aa9a66ffc03638645dd5f0468b6f525ac997c86e51"
            ],
            "markers": "sys_platform == 'darwin'",
            "version": "==9.0.1"
        },
        "pyperclip": {
            "hashes": [
                "sha256:105254a8b04934f0bc84e9c24eb360a591aaf6535c9def5f29d92af107a9bf57"
            ],
            "version": "==1.8.2"
        },
        "screeninfo": {
            "hashes": [
                "sha256:9983076bcc7e34402a1a9e4d7dabf3729411fd2abb3f3b4be7eba73519cd2ed1",
                "sha256:e97d6b173856edcfa3bd282f81deb528188aff14b11ec3e195584e7641be733c"
            ],
            "index": "pypi",
            "version": "==0.8.1"
        },
        "setuptools": {
            "hashes": [
                "sha256:57f6f22bde4e042978bcd50176fdb381d7c21a9efa4041202288d3737a0c6a54",
                "sha256:a7620757bf984b58deaf32fc8a4577a9bbc0850cf92c20e1ce41c38c19e5fb75"
            ],
            "markers": "python_version >= '3.7'",
            "version": "==65.6.3"
        },
        "ursina": {
            "hashes": [
                "sha256:132949bbdc380a3647d742b1b884a796162d72da0f5f61aba0e29cb7fe5f0fd0",
                "sha256:1ab94d60293918200b7376886159497dc228ad249dcaa2a24c6c8ac8d3810cb7"
            ],
            "index": "pypi",
            "version": "==5.1.0"
        }
    },
    "develop": {}
}
